<?xml version="1.0" encoding="utf-8"?>
<Project ToolsVersion="4.0" xmlns="http://schemas.microsoft.com/developer/msbuild/2003">
  <ItemGroup>
    <Filter Include="Common">
      <UniqueIdentifier>de31be5c-33a4-4109-8840-6dadef5a5d23</UniqueIdentifier>
    </Filter>
    <Filter Include="Assets">
      <UniqueIdentifier>1120ed97-af77-48d4-ae76-8849685d16e6</UniqueIdentifier>
      <Extensions>bmp;fbx;gif;jpg;jpeg;tga;tiff;tif;png</Extensions>
    </Filter>
    <Filter Include="Content">
      <UniqueIdentifier>af67f4e6-b6d4-4bfd-aefa-4e4fb487f530</UniqueIdentifier>
    </Filter>
    <ClInclude Include="Common\DirectXHelper.h">
      <Filter>Common</Filter>
    </ClInclude>
    <ClInclude Include="Common\StepTimer.h">
      <Filter>Common</Filter>
    </ClInclude>
    <ClInclude Include="Common\DeviceResources.h">
      <Filter>Common</Filter>
    </ClInclude>
    <ClCompile Include="Common\DeviceResources.cpp">
      <Filter>Common</Filter>
    </ClCompile>
    <ClInclude Include="Content\Sample3DSceneRenderer.h">
      <Filter>Content</Filter>
    </ClInclude>
    <ClInclude Include="Content\SampleFpsTextRenderer.h">
      <Filter>Content</Filter>
    </ClInclude>
    <ClInclude Include="Content\ShaderStructures.h">
      <Filter>Content</Filter>
    </ClInclude>
    <ClCompile Include="Content\Sample3DSceneRenderer.cpp">
      <Filter>Content</Filter>
    </ClCompile>
    <ClCompile Include="Content\SampleFpsTextRenderer.cpp">
      <Filter>Content</Filter>
    </ClCompile>
    <FxCompile Include="Content\SamplePixelShader.hlsl">
      <Filter>Content</Filter>
    </FxCompile>
    <FxCompile Include="Content\SampleVertexShader.hlsl">
      <Filter>Content</Filter>
    </FxCompile>
    <Image Include="Assets\LockScreenLogo.scale-200.png">
      <Filter>Assets</Filter>
    </Image>
    <Image Include="Assets\SplashScreen.scale-200.png">
      <Filter>Assets</Filter>
    </Image>
    <Image Include="Assets\Square150x150Logo.scale-200.png">
      <Filter>Assets</Filter>
    </Image>
    <Image Include="Assets\Square44x44Logo.scale-200.png">
      <Filter>Assets</Filter>
    </Image>
    <Image Include="Assets\Square44x44Logo.targetsize-24_altform-unplated.png">
      <Filter>Assets</Filter>
    </Image>
    <Image Include="Assets\Wide310x150Logo.scale-200.png">
      <Filter>Assets</Filter>
    </Image>
    <Filter Include="Physics">
      <UniqueIdentifier>{6f3b1665-d74f-4566-b205-f70883d5dfd7}</UniqueIdentifier>
    </Filter>
    <Filter Include="Utils">
      <UniqueIdentifier>{d1a61591-ec76-41ff-9105-209268c7ca9c}</UniqueIdentifier>
    </Filter>
    <Filter Include="CoreStuff">
      <UniqueIdentifier>{68330397-4ce3-427b-add9-f9032fa2d2d0}</UniqueIdentifier>
    </Filter>
    <Filter Include="Rendering">
      <UniqueIdentifier>{777cfbbd-4aa1-4313-8e6f-98846d68aec1}</UniqueIdentifier>
    </Filter>
    <Filter Include="Misc">
      <UniqueIdentifier>{d5c622b3-c526-42c7-adc2-e6da648b64dd}</UniqueIdentifier>
    </Filter>
    <Filter Include="Rendering\Shaders">
      <UniqueIdentifier>{c379f3b6-7844-4de2-a74f-561eb8b1a8c2}</UniqueIdentifier>
    </Filter>
    <Filter Include="Physics\CollisionStuff">
      <UniqueIdentifier>{04fac677-b925-430b-a9f5-05698220f9d4}</UniqueIdentifier>
    </Filter>
    <Filter Include="Physics\ShapeAndSplitRelated">
      <UniqueIdentifier>{ce0e0f86-e67b-4bab-8ebe-accc413dee22}</UniqueIdentifier>
    </Filter>
  </ItemGroup>
  <ItemGroup>
    <ClCompile Include="App.cpp" />
    <ClCompile Include="DestructibleEnvironmentMain.cpp" />
    <ClCompile Include="pch.cpp" />
    <ClCompile Include="DynamicMesh.cpp">
      <Filter>Rendering</Filter>
    </ClCompile>
    <ClCompile Include="ShapeProxy.cpp">
      <Filter>Misc</Filter>
    </ClCompile>
    <ClCompile Include="PhysicsEngine.cpp">
      <Filter>Physics</Filter>
    </ClCompile>
    <ClCompile Include="Physics.cpp">
      <Filter>Physics</Filter>
    </ClCompile>
    <ClCompile Include="Renderer.cpp">
      <Filter>Rendering</Filter>
    </ClCompile>
    <ClCompile Include="World.cpp">
      <Filter>CoreStuff</Filter>
    </ClCompile>
    <ClCompile Include="Camera.cpp">
      <Filter>Rendering</Filter>
    </ClCompile>
    <ClCompile Include="Light.cpp">
      <Filter>Rendering</Filter>
    </ClCompile>
    <ClCompile Include="Rigidbody.cpp">
      <Filter>Physics</Filter>
    </ClCompile>
    <ClCompile Include="GameTheadToPhysicsThreadAction.cpp">
      <Filter>Physics</Filter>
    </ClCompile>
    <ClCompile Include="DynamicBodyProxy.cpp">
      <Filter>Misc</Filter>
    </ClCompile>
    <ClCompile Include="StaticShapeProxy.cpp">
      <Filter>Misc</Filter>
    </ClCompile>
    <ClCompile Include="GameControlledDynamicBody.cpp">
      <Filter>Misc</Filter>
    </ClCompile>
    <ClCompile Include="CollisionDetector.cpp">
      <Filter>Physics\CollisionStuff</Filter>
    </ClCompile>
    <ClCompile Include="CollisionResponder.cpp">
      <Filter>Physics\CollisionStuff</Filter>
    </ClCompile>
    <ClCompile Include="Quaternion.cpp">
      <Filter>Utils</Filter>
    </ClCompile>
    <ClCompile Include="Random.cpp">
      <Filter>Utils</Filter>
    </ClCompile>
    <ClCompile Include="Face.cpp">
      <Filter>Physics\ShapeAndSplitRelated</Filter>
    </ClCompile>
    <ClCompile Include="NewPointsGetter.cpp">
      <Filter>Physics\ShapeAndSplitRelated</Filter>
    </ClCompile>
    <ClCompile Include="Shape.cpp">
      <Filter>Physics\ShapeAndSplitRelated</Filter>
    </ClCompile>
    <ClCompile Include="ShapeEdge.cpp">
      <Filter>Physics\ShapeAndSplitRelated</Filter>
    </ClCompile>
    <ClCompile Include="Point.cpp">
      <Filter>Physics\ShapeAndSplitRelated</Filter>
    </ClCompile>
    <ClCompile Include="DynamicGridSquare.cpp">
      <Filter>Physics\CollisionStuff</Filter>
    </ClCompile>
    <ClCompile Include="DynamicGridPartition.cpp">
      <Filter>Physics\CollisionStuff</Filter>
    </ClCompile>
  </ItemGroup>
  <ItemGroup>
    <ClInclude Include="App.h" />
    <ClInclude Include="DestructibleEnvironmentMain.h" />
    <ClInclude Include="pch.h" />
    <ClInclude Include="Random.h">
      <Filter>Utils</Filter>
    </ClInclude>
    <ClInclude Include="Transform.h">
      <Filter>CoreStuff</Filter>
    </ClInclude>
    <ClInclude Include="Quaternion.h">
      <Filter>Utils</Filter>
    </ClInclude>
    <ClInclude Include="Entity.h">
      <Filter>CoreStuff</Filter>
    </ClInclude>
    <ClInclude Include="World.h">
      <Filter>CoreStuff</Filter>
    </ClInclude>
    <ClInclude Include="DynamicMesh.h">
      <Filter>Rendering</Filter>
    </ClInclude>
    <ClInclude Include="IMeshRenderer.h">
      <Filter>Rendering</Filter>
    </ClInclude>
    <ClInclude Include="Renderer.h">
      <Filter>Rendering</Filter>
    </ClInclude>
    <ClInclude Include="Light.h">
      <Filter>Rendering</Filter>
    </ClInclude>
    <ClInclude Include="Camera.h">
      <Filter>Rendering</Filter>
    </ClInclude>
    <ClInclude Include="Vertex.h">
      <Filter>Rendering</Filter>
    </ClInclude>
    <ClInclude Include="Physics.h">
      <Filter>Physics</Filter>
    </ClInclude>
    <ClInclude Include="ShapeProxy.h">
      <Filter>Misc</Filter>
    </ClInclude>
    <ClInclude Include="PhysicsEngine.h">
      <Filter>Physics</Filter>
    </ClInclude>
    <ClInclude Include="TwoDArray.h">
      <Filter>Utils</Filter>
    </ClInclude>
    <ClInclude Include="Matrix.h">
      <Filter>Utils</Filter>
    </ClInclude>
    <ClInclude Include="ConstantBufferInputTypes.h">
      <Filter>Rendering</Filter>
    </ClInclude>
    <ClInclude Include="D3DBuffers.h">
      <Filter>Rendering</Filter>
    </ClInclude>
    <ClInclude Include="Pool.h">
      <Filter>Utils</Filter>
    </ClInclude>
    <ClInclude Include="ArrayWrapper.h">
      <Filter>Utils</Filter>
    </ClInclude>
    <ClInclude Include="MathUtils.h">
      <Filter>Utils</Filter>
    </ClInclude>
    <ClInclude Include="Vector3.h">
      <Filter>Utils</Filter>
    </ClInclude>
    <ClInclude Include="PoolOfRecyclables.h">
      <Filter>Utils</Filter>
    </ClInclude>
    <ClInclude Include="Constants.h">
      <Filter>Misc</Filter>
    </ClInclude>
    <ClInclude Include="Rigidbody.h">
      <Filter>Physics</Filter>
    </ClInclude>
    <ClInclude Include="PhysicsObject.h">
      <Filter>Physics</Filter>
    </ClInclude>
    <ClInclude Include="PhysicsTime.h">
      <Filter>Physics</Filter>
    </ClInclude>
    <ClInclude Include="GameThreadToPhysicsThreadAction.h">
      <Filter>Physics</Filter>
    </ClInclude>
    <ClInclude Include="StaticBody.h">
      <Filter>Physics</Filter>
    </ClInclude>
    <ClInclude Include="DynamicBodyProxy.h">
      <Filter>Misc</Filter>
    </ClInclude>
    <ClInclude Include="StaticShapeProxy.h">
      <Filter>Misc</Filter>
    </ClInclude>
    <ClInclude Include="GameControlledDynamicBody.h">
      <Filter>Misc</Filter>
    </ClInclude>
    <ClInclude Include="FixedTimeStepTime.h">
      <Filter>CoreStuff</Filter>
    </ClInclude>
    <ClInclude Include="CollisionData.h">
      <Filter>Physics\CollisionStuff</Filter>
    </ClInclude>
    <ClInclude Include="CollisionDetector.h">
      <Filter>Physics\CollisionStuff</Filter>
    </ClInclude>
    <ClInclude Include="CollisionResponder.h">
      <Filter>Physics\CollisionStuff</Filter>
    </ClInclude>
    <ClInclude Include="PotentialCollision.h">
      <Filter>Physics\CollisionStuff</Filter>
    </ClInclude>
    <ClInclude Include="Bounds.h">
      <Filter>Utils</Filter>
    </ClInclude>
    <ClInclude Include="Face.h">
      <Filter>Physics\ShapeAndSplitRelated</Filter>
    </ClInclude>
    <ClInclude Include="FinalFaceCreator.h">
      <Filter>Physics\ShapeAndSplitRelated</Filter>
    </ClInclude>
    <ClInclude Include="InitialShapeCreator.h">
      <Filter>Physics\ShapeAndSplitRelated</Filter>
    </ClInclude>
    <ClInclude Include="NewPointsGetter.h">
      <Filter>Physics\ShapeAndSplitRelated</Filter>
    </ClInclude>
    <ClInclude Include="Shape.h">
      <Filter>Physics\ShapeAndSplitRelated</Filter>
    </ClInclude>
    <ClInclude Include="ShapeEdge.h">
      <Filter>Physics\ShapeAndSplitRelated</Filter>
    </ClInclude>
    <ClInclude Include="SplitInfo.h">
      <Filter>Physics\ShapeAndSplitRelated</Filter>
    </ClInclude>
    <ClInclude Include="Point.h">
      <Filter>Physics\ShapeAndSplitRelated</Filter>
    </ClInclude>
    <ClInclude Include="GridPartition.h">
      <Filter>Physics\CollisionStuff</Filter>
    </ClInclude>
    <ClInclude Include="DynamicGridSquare.h">
      <Filter>Physics\CollisionStuff</Filter>
    </ClInclude>
    <ClInclude Include="DynamicGridPartition.h">
      <Filter>Physics\CollisionStuff</Filter>
    </ClInclude>
    <ClInclude Include="LastCheckedAgainst.h">
      <Filter>Physics\CollisionStuff</Filter>
    </ClInclude>
  </ItemGroup>
  <ItemGroup>
    <Image Include="Assets\StoreLogo.png">
      <Filter>Assets</Filter>
    </Image>
  </ItemGroup>
  <ItemGroup>
    <AppxManifest Include="Package.appxmanifest" />
  </ItemGroup>
  <ItemGroup>
    <None Include="DestructibleEnvironment_TemporaryKey.pfx" />
  </ItemGroup>
  <ItemGroup>
    <FxCompile Include="MyVertexShader.hlsl">
      <Filter>Rendering\Shaders</Filter>
    </FxCompile>
    <FxCompile Include="MyPixelShader.hlsl">
      <Filter>Rendering\Shaders</Filter>
    </FxCompile>
  </ItemGroup>
</Project>